
Microsoft Visual Studio Solution File, Format Version 12.00
# Visual Studio Version 17
VisualStudioVersion = 17.0.32112.339
MinimumVisualStudioVersion = 10.0.40219.1
Project("{FAE04EC0-301F-11D3-BF4B-00C04F79EFBC}") = "Aula - 03", "Aula - 03\Aula - 03.csproj", "{01502796-02A1-4566-A6B8-E77AE2771A4F}"
EndProject
Global
	GlobalSection(SolutionConfigurationPlatforms) = preSolution
		Debug|Any CPU = Debug|Any CPU
		Release|Any CPU = Release|Any CPU
	EndGlobalSection
	GlobalSection(ProjectConfigurationPlatforms) = postSolution
		{01502796-02A1-4566-A6B8-E77AE2771A4F}.Debug|Any CPU.ActiveCfg = Debug|Any CPU
		{01502796-02A1-4566-A6B8-E77AE2771A4F}.Debug|Any CPU.Build.0 = Debug|Any CPU
		{01502796-02A1-4566-A6B8-E77AE2771A4F}.Release|Any CPU.ActiveCfg = Release|Any CPU
		{01502796-02A1-4566-A6B8-E77AE2771A4F}.Release|Any CPU.Build.0 = Release|Any CPU
	EndGlobalSection
	GlobalSection(SolutionProperties) = preSolution
		HideSolutionNode = FALSE
	EndGlobalSection
	GlobalSection(ExtensibilityGlobals) = postSolution
		SolutionGuid = {C4FD7F1C-9A94-4EA2-9138-79DDC6DB9263}
	EndGlobalSection
EndGlobal
